
Microsoft Visual Studio Solution File, Format Version 12.00
# Visual Studio 15
VisualStudioVersion = 15.0.28307.1259
MinimumVisualStudioVersion = 10.0.40219.1
Project("{FAE04EC0-301F-11D3-BF4B-00C04F79EFBC}") = "ServiceConfigMtk-P2-20180140056", "ServiceConfigMtk-P2-20180140056\ServiceConfigMtk-P2-20180140056.csproj", "{F57FB841-A135-4205-9BA9-F7497772A32B}"
EndProject
Global
	GlobalSection(SolutionConfigurationPlatforms) = preSolution
		Debug|Any CPU = Debug|Any CPU
		Release|Any CPU = Release|Any CPU
	EndGlobalSection
	GlobalSection(ProjectConfigurationPlatforms) = postSolution
		{F57FB841-A135-4205-9BA9-F7497772A32B}.Debug|Any CPU.ActiveCfg = Debug|Any CPU
		{F57FB841-A135-4205-9BA9-F7497772A32B}.Debug|Any CPU.Build.0 = Debug|Any CPU
		{F57FB841-A135-4205-9BA9-F7497772A32B}.Release|Any CPU.ActiveCfg = Release|Any CPU
		{F57FB841-A135-4205-9BA9-F7497772A32B}.Release|Any CPU.Build.0 = Release|Any CPU
	EndGlobalSection
	GlobalSection(SolutionProperties) = preSolution
		HideSolutionNode = FALSE
	EndGlobalSection
	GlobalSection(ExtensibilityGlobals) = postSolution
		SolutionGuid = {9B7EB787-4CA2-42B0-8611-EBDB112E9E2D}
	EndGlobalSection
EndGlobal
